
Microsoft Visual Studio Solution File, Format Version 12.00
# Visual Studio 15
VisualStudioVersion = 15.0.27428.2011
MinimumVisualStudioVersion = 10.0.40219.1
Project("{FAE04EC0-301F-11D3-BF4B-00C04F79EFBC}") = "ConsoleApplication", "ConsoleApplication\ConsoleApplication.csproj", "{1A26E74B-26BC-47A2-B84C-5CDCC711057D}"
EndProject
Global
	GlobalSection(SolutionConfigurationPlatforms) = preSolution
		Debug|Any CPU = Debug|Any CPU
		Release|Any CPU = Release|Any CPU
	EndGlobalSection
	GlobalSection(ProjectConfigurationPlatforms) = postSolution
		{1A26E74B-26BC-47A2-B84C-5CDCC711057D}.Debug|Any CPU.ActiveCfg = Debug|Any CPU
		{1A26E74B-26BC-47A2-B84C-5CDCC711057D}.Debug|Any CPU.Build.0 = Debug|Any CPU
		{1A26E74B-26BC-47A2-B84C-5CDCC711057D}.Release|Any CPU.ActiveCfg = Release|Any CPU
		{1A26E74B-26BC-47A2-B84C-5CDCC711057D}.Release|Any CPU.Build.0 = Release|Any CPU
	EndGlobalSection
	GlobalSection(SolutionProperties) = preSolution
		HideSolutionNode = FALSE
	EndGlobalSection
	GlobalSection(ExtensibilityGlobals) = postSolution
		SolutionGuid = {B4650FC7-59D5-442D-BC87-A557A0864B43}
	EndGlobalSection
EndGlobal
